// !$*UTF8*$!
{
	archiveVersion = 1;
	classes = {
	};
	objectVersion = 56;
	objects = {

/* Begin PBXBuildFile section */
		D027D4D42C89FABB00257AB9 /* FollowerListVC.swift in Sources */ = {isa = PBXBuildFile; fileRef = D027D4D32C89FABB00257AB9 /* FollowerListVC.swift */; };
		D027D4D62C8A0DB400257AB9 /* GFTitleLabel.swift in Sources */ = {isa = PBXBuildFile; fileRef = D027D4D52C8A0DB400257AB9 /* GFTitleLabel.swift */; };
		D027D4D82C8A0F1100257AB9 /* GFBodyLabel.swift in Sources */ = {isa = PBXBuildFile; fileRef = D027D4D72C8A0F1100257AB9 /* GFBodyLabel.swift */; };
		D027D4DA2C8A0FF900257AB9 /* GFAlertVC.swift in Sources */ = {isa = PBXBuildFile; fileRef = D027D4D92C8A0FF900257AB9 /* GFAlertVC.swift */; };
		D027D4DD2C8A164D00257AB9 /* UIViewController+Ext.swift in Sources */ = {isa = PBXBuildFile; fileRef = D027D4DC2C8A164D00257AB9 /* UIViewController+Ext.swift */; };
		D027D4F22C8C741800257AB9 /* Follower.swift in Sources */ = {isa = PBXBuildFile; fileRef = D027D4F12C8C741800257AB9 /* Follower.swift */; };
		D027D4F42C8C74E800257AB9 /* User.swift in Sources */ = {isa = PBXBuildFile; fileRef = D027D4F32C8C74E800257AB9 /* User.swift */; };
		D027D4F72C8E477100257AB9 /* NetworkManager.swift in Sources */ = {isa = PBXBuildFile; fileRef = D027D4F62C8E477100257AB9 /* NetworkManager.swift */; };
		D027D4FA2C8E4FA700257AB9 /* ErrorMessage.swift in Sources */ = {isa = PBXBuildFile; fileRef = D027D4F92C8E4FA700257AB9 /* ErrorMessage.swift */; };
		D0F17C252C7E7BCB00746FA3 /* AppDelegate.swift in Sources */ = {isa = PBXBuildFile; fileRef = D0F17C242C7E7BCB00746FA3 /* AppDelegate.swift */; };
		D0F17C272C7E7BCB00746FA3 /* SceneDelegate.swift in Sources */ = {isa = PBXBuildFile; fileRef = D0F17C262C7E7BCB00746FA3 /* SceneDelegate.swift */; };
		D0F17C2E2C7E7BCB00746FA3 /* Assets.xcassets in Resources */ = {isa = PBXBuildFile; fileRef = D0F17C2D2C7E7BCB00746FA3 /* Assets.xcassets */; };
		D0F17C312C7E7BCB00746FA3 /* Base in Resources */ = {isa = PBXBuildFile; fileRef = D0F17C302C7E7BCB00746FA3 /* Base */; };
		D0F17C392C7E8E1D00746FA3 /* SearchVC.swift in Sources */ = {isa = PBXBuildFile; fileRef = D0F17C382C7E8E1D00746FA3 /* SearchVC.swift */; };
		D0F17C3B2C7E8E4E00746FA3 /* FavouriteListVC.swift in Sources */ = {isa = PBXBuildFile; fileRef = D0F17C3A2C7E8E4E00746FA3 /* FavouriteListVC.swift */; };
		D0F17C3E2C7F698700746FA3 /* GFButton.swift in Sources */ = {isa = PBXBuildFile; fileRef = D0F17C3D2C7F698700746FA3 /* GFButton.swift */; };
		D0F17C402C7F6D6E00746FA3 /* GFTextField.swift in Sources */ = {isa = PBXBuildFile; fileRef = D0F17C3F2C7F6D6E00746FA3 /* GFTextField.swift */; };
/* End PBXBuildFile section */

/* Begin PBXFileReference section */
		D027D4D32C89FABB00257AB9 /* FollowerListVC.swift */ = {isa = PBXFileReference; lastKnownFileType = sourcecode.swift; path = FollowerListVC.swift; sourceTree = "<group>"; };
		D027D4D52C8A0DB400257AB9 /* GFTitleLabel.swift */ = {isa = PBXFileReference; lastKnownFileType = sourcecode.swift; path = GFTitleLabel.swift; sourceTree = "<group>"; };
		D027D4D72C8A0F1100257AB9 /* GFBodyLabel.swift */ = {isa = PBXFileReference; lastKnownFileType = sourcecode.swift; path = GFBodyLabel.swift; sourceTree = "<group>"; };
		D027D4D92C8A0FF900257AB9 /* GFAlertVC.swift */ = {isa = PBXFileReference; lastKnownFileType = sourcecode.swift; path = GFAlertVC.swift; sourceTree = "<group>"; };
		D027D4DC2C8A164D00257AB9 /* UIViewController+Ext.swift */ = {isa = PBXFileReference; lastKnownFileType = sourcecode.swift; path = "UIViewController+Ext.swift"; sourceTree = "<group>"; };
		D027D4F12C8C741800257AB9 /* Follower.swift */ = {isa = PBXFileReference; lastKnownFileType = sourcecode.swift; path = Follower.swift; sourceTree = "<group>"; };
		D027D4F32C8C74E800257AB9 /* User.swift */ = {isa = PBXFileReference; lastKnownFileType = sourcecode.swift; path = User.swift; sourceTree = "<group>"; };
		D027D4F62C8E477100257AB9 /* NetworkManager.swift */ = {isa = PBXFileReference; lastKnownFileType = sourcecode.swift; path = NetworkManager.swift; sourceTree = "<group>"; };
		D027D4F92C8E4FA700257AB9 /* ErrorMessage.swift */ = {isa = PBXFileReference; lastKnownFileType = sourcecode.swift; path = ErrorMessage.swift; sourceTree = "<group>"; };
		D0F17C212C7E7BCB00746FA3 /* GithubApi.app */ = {isa = PBXFileReference; explicitFileType = wrapper.application; includeInIndex = 0; path = GithubApi.app; sourceTree = BUILT_PRODUCTS_DIR; };
		D0F17C242C7E7BCB00746FA3 /* AppDelegate.swift */ = {isa = PBXFileReference; lastKnownFileType = sourcecode.swift; path = AppDelegate.swift; sourceTree = "<group>"; };
		D0F17C262C7E7BCB00746FA3 /* SceneDelegate.swift */ = {isa = PBXFileReference; lastKnownFileType = sourcecode.swift; path = SceneDelegate.swift; sourceTree = "<group>"; };
		D0F17C2D2C7E7BCB00746FA3 /* Assets.xcassets */ = {isa = PBXFileReference; lastKnownFileType = folder.assetcatalog; path = Assets.xcassets; sourceTree = "<group>"; };
		D0F17C302C7E7BCB00746FA3 /* Base */ = {isa = PBXFileReference; lastKnownFileType = file.storyboard; name = Base; path = Base.lproj/LaunchScreen.storyboard; sourceTree = "<group>"; };
		D0F17C322C7E7BCB00746FA3 /* Info.plist */ = {isa = PBXFileReference; lastKnownFileType = text.plist.xml; path = Info.plist; sourceTree = "<group>"; };
		D0F17C382C7E8E1D00746FA3 /* SearchVC.swift */ = {isa = PBXFileReference; lastKnownFileType = sourcecode.swift; path = SearchVC.swift; sourceTree = "<group>"; };
		D0F17C3A2C7E8E4E00746FA3 /* FavouriteListVC.swift */ = {isa = PBXFileReference; lastKnownFileType = sourcecode.swift; path = FavouriteListVC.swift; sourceTree = "<group>"; };
		D0F17C3D2C7F698700746FA3 /* GFButton.swift */ = {isa = PBXFileReference; lastKnownFileType = sourcecode.swift; path = GFButton.swift; sourceTree = "<group>"; };
		D0F17C3F2C7F6D6E00746FA3 /* GFTextField.swift */ = {isa = PBXFileReference; lastKnownFileType = sourcecode.swift; path = GFTextField.swift; sourceTree = "<group>"; };
/* End PBXFileReference section */

/* Begin PBXFrameworksBuildPhase section */
		D0F17C1E2C7E7BCB00746FA3 /* Frameworks */ = {
			isa = PBXFrameworksBuildPhase;
			buildActionMask = 2147483647;
			files = (
			);
			runOnlyForDeploymentPostprocessing = 0;
		};
/* End PBXFrameworksBuildPhase section */

/* Begin PBXGroup section */
		D027D4DB2C8A162100257AB9 /* Extensions */ = {
			isa = PBXGroup;
			children = (
				D027D4DC2C8A164D00257AB9 /* UIViewController+Ext.swift */,
			);
			path = Extensions;
			sourceTree = "<group>";
		};
		D027D4DE2C8A199700257AB9 /* Support */ = {
			isa = PBXGroup;
			children = (
				D0F17C2D2C7E7BCB00746FA3 /* Assets.xcassets */,
				D0F17C242C7E7BCB00746FA3 /* AppDelegate.swift */,
				D0F17C262C7E7BCB00746FA3 /* SceneDelegate.swift */,
				D0F17C2F2C7E7BCB00746FA3 /* LaunchScreen.storyboard */,
			);
			path = Support;
			sourceTree = "<group>";
		};
		D027D4DF2C8A19B600257AB9 /* Features */ = {
			isa = PBXGroup;
			children = (
				D027D4E12C8A19D100257AB9 /* Favourites */,
				D027D4E02C8A19C000257AB9 /* Search */,
			);
			path = Features;
			sourceTree = "<group>";
		};
		D027D4E02C8A19C000257AB9 /* Search */ = {
			isa = PBXGroup;
			children = (
				D0F17C382C7E8E1D00746FA3 /* SearchVC.swift */,
				D027D4D32C89FABB00257AB9 /* FollowerListVC.swift */,
			);
			path = Search;
			sourceTree = "<group>";
		};
		D027D4E12C8A19D100257AB9 /* Favourites */ = {
			isa = PBXGroup;
			children = (
				D0F17C3A2C7E8E4E00746FA3 /* FavouriteListVC.swift */,
			);
			path = Favourites;
			sourceTree = "<group>";
		};
		D027D4F02C8C740B00257AB9 /* Models */ = {
			isa = PBXGroup;
			children = (
				D027D4F12C8C741800257AB9 /* Follower.swift */,
				D027D4F32C8C74E800257AB9 /* User.swift */,
			);
			path = Models;
			sourceTree = "<group>";
		};
		D027D4F52C8E476800257AB9 /* Network */ = {
			isa = PBXGroup;
			children = (
				D027D4F62C8E477100257AB9 /* NetworkManager.swift */,
			);
			path = Network;
			sourceTree = "<group>";
		};
		D027D4F82C8E4F8B00257AB9 /* Utilities */ = {
			isa = PBXGroup;
			children = (
				D027D4F92C8E4FA700257AB9 /* ErrorMessage.swift */,
			);
			path = Utilities;
			sourceTree = "<group>";
		};
		D0F17C182C7E7BCB00746FA3 = {
			isa = PBXGroup;
			children = (
				D0F17C232C7E7BCB00746FA3 /* GithubApi */,
				D0F17C222C7E7BCB00746FA3 /* Products */,
			);
			sourceTree = "<group>";
		};
		D0F17C222C7E7BCB00746FA3 /* Products */ = {
			isa = PBXGroup;
			children = (
				D0F17C212C7E7BCB00746FA3 /* GithubApi.app */,
			);
			name = Products;
			sourceTree = "<group>";
		};
		D0F17C232C7E7BCB00746FA3 /* GithubApi */ = {
			isa = PBXGroup;
			children = (
				D027D4F82C8E4F8B00257AB9 /* Utilities */,
				D027D4F52C8E476800257AB9 /* Network */,
				D0F17C322C7E7BCB00746FA3 /* Info.plist */,
				D027D4F02C8C740B00257AB9 /* Models */,
				D027D4DF2C8A19B600257AB9 /* Features */,
				D027D4DE2C8A199700257AB9 /* Support */,
				D027D4DB2C8A162100257AB9 /* Extensions */,
				D0F17C3C2C7F696600746FA3 /* Components */,
			);
			path = GithubApi;
			sourceTree = "<group>";
		};
		D0F17C3C2C7F696600746FA3 /* Components */ = {
			isa = PBXGroup;
			children = (
				D027D4D92C8A0FF900257AB9 /* GFAlertVC.swift */,
				D0F17C3D2C7F698700746FA3 /* GFButton.swift */,
				D0F17C3F2C7F6D6E00746FA3 /* GFTextField.swift */,
				D027D4D52C8A0DB400257AB9 /* GFTitleLabel.swift */,
				D027D4D72C8A0F1100257AB9 /* GFBodyLabel.swift */,
			);
			path = Components;
			sourceTree = "<group>";
		};
/* End PBXGroup section */

/* Begin PBXNativeTarget section */
		D0F17C202C7E7BCB00746FA3 /* GithubApi */ = {
			isa = PBXNativeTarget;
			buildConfigurationList = D0F17C352C7E7BCB00746FA3 /* Build configuration list for PBXNativeTarget "GithubApi" */;
			buildPhases = (
				D0F17C1D2C7E7BCB00746FA3 /* Sources */,
				D0F17C1E2C7E7BCB00746FA3 /* Frameworks */,
				D0F17C1F2C7E7BCB00746FA3 /* Resources */,
			);
			buildRules = (
			);
			dependencies = (
			);
			name = GithubApi;
			productName = GithubApi;
			productReference = D0F17C212C7E7BCB00746FA3 /* GithubApi.app */;
			productType = "com.apple.product-type.application";
		};
/* End PBXNativeTarget section */

/* Begin PBXProject section */
		D0F17C192C7E7BCB00746FA3 /* Project object */ = {
			isa = PBXProject;
			attributes = {
				BuildIndependentTargetsInParallel = 1;
				LastSwiftUpdateCheck = 1540;
				LastUpgradeCheck = 1540;
				TargetAttributes = {
					D0F17C202C7E7BCB00746FA3 = {
						CreatedOnToolsVersion = 15.4;
					};
				};
			};
			buildConfigurationList = D0F17C1C2C7E7BCB00746FA3 /* Build configuration list for PBXProject "GithubApi" */;
			compatibilityVersion = "Xcode 14.0";
			developmentRegion = en;
			hasScannedForEncodings = 0;
			knownRegions = (
				en,
				Base,
			);
			mainGroup = D0F17C182C7E7BCB00746FA3;
			productRefGroup = D0F17C222C7E7BCB00746FA3 /* Products */;
			projectDirPath = "";
			projectRoot = "";
			targets = (
				D0F17C202C7E7BCB00746FA3 /* GithubApi */,
			);
		};
/* End PBXProject section */

/* Begin PBXResourcesBuildPhase section */
		D0F17C1F2C7E7BCB00746FA3 /* Resources */ = {
			isa = PBXResourcesBuildPhase;
			buildActionMask = 2147483647;
			files = (
				D0F17C2E2C7E7BCB00746FA3 /* Assets.xcassets in Resources */,
				D0F17C312C7E7BCB00746FA3 /* Base in Resources */,
			);
			runOnlyForDeploymentPostprocessing = 0;
		};
/* End PBXResourcesBuildPhase section */

/* Begin PBXSourcesBuildPhase section */
		D0F17C1D2C7E7BCB00746FA3 /* Sources */ = {
			isa = PBXSourcesBuildPhase;
			buildActionMask = 2147483647;
			files = (
				D027D4F42C8C74E800257AB9 /* User.swift in Sources */,
				D0F17C402C7F6D6E00746FA3 /* GFTextField.swift in Sources */,
				D0F17C252C7E7BCB00746FA3 /* AppDelegate.swift in Sources */,
				D0F17C3E2C7F698700746FA3 /* GFButton.swift in Sources */,
				D027D4DD2C8A164D00257AB9 /* UIViewController+Ext.swift in Sources */,
				D0F17C272C7E7BCB00746FA3 /* SceneDelegate.swift in Sources */,
				D027D4DA2C8A0FF900257AB9 /* GFAlertVC.swift in Sources */,
				D027D4FA2C8E4FA700257AB9 /* ErrorMessage.swift in Sources */,
				D027D4D82C8A0F1100257AB9 /* GFBodyLabel.swift in Sources */,
				D027D4F22C8C741800257AB9 /* Follower.swift in Sources */,
				D027D4D62C8A0DB400257AB9 /* GFTitleLabel.swift in Sources */,
				D027D4F72C8E477100257AB9 /* NetworkManager.swift in Sources */,
				D027D4D42C89FABB00257AB9 /* FollowerListVC.swift in Sources */,
				D0F17C3B2C7E8E4E00746FA3 /* FavouriteListVC.swift in Sources */,
				D0F17C392C7E8E1D00746FA3 /* SearchVC.swift in Sources */,
			);
			runOnlyForDeploymentPostprocessing = 0;
		};
/* End PBXSourcesBuildPhase section */

/* Begin PBXVariantGroup section */
		D0F17C2F2C7E7BCB00746FA3 /* LaunchScreen.storyboard */ = {
			isa = PBXVariantGroup;
			children = (
				D0F17C302C7E7BCB00746FA3 /* Base */,
			);
			name = LaunchScreen.storyboard;
			sourceTree = "<group>";
		};
/* End PBXVariantGroup section */

/* Begin XCBuildConfiguration section */
		D0F17C332C7E7BCB00746FA3 /* Debug */ = {
			isa = XCBuildConfiguration;
			buildSettings = {
				ALWAYS_SEARCH_USER_PATHS = NO;
				ASSETCATALOG_COMPILER_GENERATE_SWIFT_ASSET_SYMBOL_EXTENSIONS = YES;
				CLANG_ANALYZER_NONNULL = YES;
				CLANG_ANALYZER_NUMBER_OBJECT_CONVERSION = YES_AGGRESSIVE;
				CLANG_CXX_LANGUAGE_STANDARD = "gnu++20";
				CLANG_ENABLE_MODULES = YES;
				CLANG_ENABLE_OBJC_ARC = YES;
				CLANG_ENABLE_OBJC_WEAK = YES;
				CLANG_WARN_BLOCK_CAPTURE_AUTORELEASING = YES;
				CLANG_WARN_BOOL_CONVERSION = YES;
				CLANG_WARN_COMMA = YES;
				CLANG_WARN_CONSTANT_CONVERSION = YES;
				CLANG_WARN_DEPRECATED_OBJC_IMPLEMENTATIONS = YES;
				CLANG_WARN_DIRECT_OBJC_ISA_USAGE = YES_ERROR;
				CLANG_WARN_DOCUMENTATION_COMMENTS = YES;
				CLANG_WARN_EMPTY_BODY = YES;
				CLANG_WARN_ENUM_CONVERSION = YES;
				CLANG_WARN_INFINITE_RECURSION = YES;
				CLANG_WARN_INT_CONVERSION = YES;
				CLANG_WARN_NON_LITERAL_NULL_CONVERSION = YES;
				CLANG_WARN_OBJC_IMPLICIT_RETAIN_SELF = YES;
				CLANG_WARN_OBJC_LITERAL_CONVERSION = YES;
				CLANG_WARN_OBJC_ROOT_CLASS = YES_ERROR;
				CLANG_WARN_QUOTED_INCLUDE_IN_FRAMEWORK_HEADER = YES;
				CLANG_WARN_RANGE_LOOP_ANALYSIS = YES;
				CLANG_WARN_STRICT_PROTOTYPES = YES;
				CLANG_WARN_SUSPICIOUS_MOVE = YES;
				CLANG_WARN_UNGUARDED_AVAILABILITY = YES_AGGRESSIVE;
				CLANG_WARN_UNREACHABLE_CODE = YES;
				CLANG_WARN__DUPLICATE_METHOD_MATCH = YES;
				COPY_PHASE_STRIP = NO;
				DEBUG_INFORMATION_FORMAT = dwarf;
				ENABLE_STRICT_OBJC_MSGSEND = YES;
				ENABLE_TESTABILITY = YES;
				ENABLE_USER_SCRIPT_SANDBOXING = YES;
				GCC_C_LANGUAGE_STANDARD = gnu17;
				GCC_DYNAMIC_NO_PIC = NO;
				GCC_NO_COMMON_BLOCKS = YES;
				GCC_OPTIMIZATION_LEVEL = 0;
				GCC_PREPROCESSOR_DEFINITIONS = (
					"DEBUG=1",
					"$(inherited)",
				);
				GCC_WARN_64_TO_32_BIT_CONVERSION = YES;
				GCC_WARN_ABOUT_RETURN_TYPE = YES_ERROR;
				GCC_WARN_UNDECLARED_SELECTOR = YES;
				GCC_WARN_UNINITIALIZED_AUTOS = YES_AGGRESSIVE;
				GCC_WARN_UNUSED_FUNCTION = YES;
				GCC_WARN_UNUSED_VARIABLE = YES;
				IPHONEOS_DEPLOYMENT_TARGET = 17.5;
				LOCALIZATION_PREFERS_STRING_CATALOGS = YES;
				MTL_ENABLE_DEBUG_INFO = INCLUDE_SOURCE;
				MTL_FAST_MATH = YES;
				ONLY_ACTIVE_ARCH = YES;
				SDKROOT = iphoneos;
				SWIFT_ACTIVE_COMPILATION_CONDITIONS = "DEBUG $(inherited)";
				SWIFT_OPTIMIZATION_LEVEL = "-Onone";
			};
			name = Debug;
		};
		D0F17C342C7E7BCB00746FA3 /* Release */ = {
			isa = XCBuildConfiguration;
			buildSettings = {
				ALWAYS_SEARCH_USER_PATHS = NO;
				ASSETCATALOG_COMPILER_GENERATE_SWIFT_ASSET_SYMBOL_EXTENSIONS = YES;
				CLANG_ANALYZER_NONNULL = YES;
				CLANG_ANALYZER_NUMBER_OBJECT_CONVERSION = YES_AGGRESSIVE;
				CLANG_CXX_LANGUAGE_STANDARD = "gnu++20";
				CLANG_ENABLE_MODULES = YES;
				CLANG_ENABLE_OBJC_ARC = YES;
				CLANG_ENABLE_OBJC_WEAK = YES;
				CLANG_WARN_BLOCK_CAPTURE_AUTORELEASING = YES;
				CLANG_WARN_BOOL_CONVERSION = YES;
				CLANG_WARN_COMMA = YES;
				CLANG_WARN_CONSTANT_CONVERSION = YES;
				CLANG_WARN_DEPRECATED_OBJC_IMPLEMENTATIONS = YES;
				CLANG_WARN_DIRECT_OBJC_ISA_USAGE = YES_ERROR;
				CLANG_WARN_DOCUMENTATION_COMMENTS = YES;
				CLANG_WARN_EMPTY_BODY = YES;
				CLANG_WARN_ENUM_CONVERSION = YES;
				CLANG_WARN_INFINITE_RECURSION = YES;
				CLANG_WARN_INT_CONVERSION = YES;
				CLANG_WARN_NON_LITERAL_NULL_CONVERSION = YES;
				CLANG_WARN_OBJC_IMPLICIT_RETAIN_SELF = YES;
				CLANG_WARN_OBJC_LITERAL_CONVERSION = YES;
				CLANG_WARN_OBJC_ROOT_CLASS = YES_ERROR;
				CLANG_WARN_QUOTED_INCLUDE_IN_FRAMEWORK_HEADER = YES;
				CLANG_WARN_RANGE_LOOP_ANALYSIS = YES;
				CLANG_WARN_STRICT_PROTOTYPES = YES;
				CLANG_WARN_SUSPICIOUS_MOVE = YES;
				CLANG_WARN_UNGUARDED_AVAILABILITY = YES_AGGRESSIVE;
				CLANG_WARN_UNREACHABLE_CODE = YES;
				CLANG_WARN__DUPLICATE_METHOD_MATCH = YES;
				COPY_PHASE_STRIP = NO;
				DEBUG_INFORMATION_FORMAT = "dwarf-with-dsym";
				ENABLE_NS_ASSERTIONS = NO;
				ENABLE_STRICT_OBJC_MSGSEND = YES;
				ENABLE_USER_SCRIPT_SANDBOXING = YES;
				GCC_C_LANGUAGE_STANDARD = gnu17;
				GCC_NO_COMMON_BLOCKS = YES;
				GCC_WARN_64_TO_32_BIT_CONVERSION = YES;
				GCC_WARN_ABOUT_RETURN_TYPE = YES_ERROR;
				GCC_WARN_UNDECLARED_SELECTOR = YES;
				GCC_WARN_UNINITIALIZED_AUTOS = YES_AGGRESSIVE;
				GCC_WARN_UNUSED_FUNCTION = YES;
				GCC_WARN_UNUSED_VARIABLE = YES;
				IPHONEOS_DEPLOYMENT_TARGET = 17.5;
				LOCALIZATION_PREFERS_STRING_CATALOGS = YES;
				MTL_ENABLE_DEBUG_INFO = NO;
				MTL_FAST_MATH = YES;
				SDKROOT = iphoneos;
				SWIFT_COMPILATION_MODE = wholemodule;
				VALIDATE_PRODUCT = YES;
			};
			name = Release;
		};
		D0F17C362C7E7BCB00746FA3 /* Debug */ = {
			isa = XCBuildConfiguration;
			buildSettings = {
				ASSETCATALOG_COMPILER_APPICON_NAME = AppIcon;
				ASSETCATALOG_COMPILER_GLOBAL_ACCENT_COLOR_NAME = AccentColor;
				CODE_SIGN_STYLE = Automatic;
				CURRENT_PROJECT_VERSION = 1;
				GENERATE_INFOPLIST_FILE = YES;
				INFOPLIST_FILE = GithubApi/Info.plist;
				INFOPLIST_KEY_UIApplicationSupportsIndirectInputEvents = YES;
				INFOPLIST_KEY_UILaunchStoryboardName = LaunchScreen;
				INFOPLIST_KEY_UISupportedInterfaceOrientations = UIInterfaceOrientationPortrait;
				INFOPLIST_KEY_UISupportedInterfaceOrientations_iPad = "UIInterfaceOrientationLandscapeLeft UIInterfaceOrientationLandscapeRight UIInterfaceOrientationPortrait UIInterfaceOrientationPortraitUpsideDown";
				IPHONEOS_DEPLOYMENT_TARGET = 13.0;
				LD_RUNPATH_SEARCH_PATHS = (
					"$(inherited)",
					"@executable_path/Frameworks",
				);
				MARKETING_VERSION = 1.0;
				PRODUCT_BUNDLE_IDENTIFIER = muf.GithubApi;
				PRODUCT_NAME = "$(TARGET_NAME)";
				SUPPORTED_PLATFORMS = "iphoneos iphonesimulator";
				SUPPORTS_MACCATALYST = NO;
				SUPPORTS_MAC_DESIGNED_FOR_IPHONE_IPAD = NO;
				SUPPORTS_XR_DESIGNED_FOR_IPHONE_IPAD = NO;
				SWIFT_EMIT_LOC_STRINGS = YES;
				SWIFT_VERSION = 5.0;
				TARGETED_DEVICE_FAMILY = 1;
			};
			name = Debug;
		};
		D0F17C372C7E7BCB00746FA3 /* Release */ = {
			isa = XCBuildConfiguration;
			buildSettings = {
				ASSETCATALOG_COMPILER_APPICON_NAME = AppIcon;
				ASSETCATALOG_COMPILER_GLOBAL_ACCENT_COLOR_NAME = AccentColor;
				CODE_SIGN_STYLE = Automatic;
				CURRENT_PROJECT_VERSION = 1;
				GENERATE_INFOPLIST_FILE = YES;
				INFOPLIST_FILE = GithubApi/Info.plist;
				INFOPLIST_KEY_UIApplicationSupportsIndirectInputEvents = YES;
				INFOPLIST_KEY_UILaunchStoryboardName = LaunchScreen;
				INFOPLIST_KEY_UISupportedInterfaceOrientations = UIInterfaceOrientationPortrait;
				INFOPLIST_KEY_UISupportedInterfaceOrientations_iPad = "UIInterfaceOrientationLandscapeLeft UIInterfaceOrientationLandscapeRight UIInterfaceOrientationPortrait UIInterfaceOrientationPortraitUpsideDown";
				IPHONEOS_DEPLOYMENT_TARGET = 13.0;
				LD_RUNPATH_SEARCH_PATHS = (
					"$(inherited)",
					"@executable_path/Frameworks",
				);
				MARKETING_VERSION = 1.0;
				PRODUCT_BUNDLE_IDENTIFIER = muf.GithubApi;
				PRODUCT_NAME = "$(TARGET_NAME)";
				SUPPORTED_PLATFORMS = "iphoneos iphonesimulator";
				SUPPORTS_MACCATALYST = NO;
				SUPPORTS_MAC_DESIGNED_FOR_IPHONE_IPAD = NO;
				SUPPORTS_XR_DESIGNED_FOR_IPHONE_IPAD = NO;
				SWIFT_EMIT_LOC_STRINGS = YES;
				SWIFT_VERSION = 5.0;
				TARGETED_DEVICE_FAMILY = 1;
			};
			name = Release;
		};
/* End XCBuildConfiguration section */

/* Begin XCConfigurationList section */
		D0F17C1C2C7E7BCB00746FA3 /* Build configuration list for PBXProject "GithubApi" */ = {
			isa = XCConfigurationList;
			buildConfigurations = (
				D0F17C332C7E7BCB00746FA3 /* Debug */,
				D0F17C342C7E7BCB00746FA3 /* Release */,
			);
			defaultConfigurationIsVisible = 0;
			defaultConfigurationName = Release;
		};
		D0F17C352C7E7BCB00746FA3 /* Build configuration list for PBXNativeTarget "GithubApi" */ = {
			isa = XCConfigurationList;
			buildConfigurations = (
				D0F17C362C7E7BCB00746FA3 /* Debug */,
				D0F17C372C7E7BCB00746FA3 /* Release */,
			);
			defaultConfigurationIsVisible = 0;
			defaultConfigurationName = Release;
		};
/* End XCConfigurationList section */
	};
	rootObject = D0F17C192C7E7BCB00746FA3 /* Project object */;
}
